
Microsoft Visual Studio Solution File, Format Version 12.00
# Visual Studio Version 16
VisualStudioVersion = 16.0.31205.134
MinimumVisualStudioVersion = 10.0.40219.1
Project("{FAE04EC0-301F-11D3-BF4B-00C04F79EFBC}") = "majic 8 ball", "majic 8 ball\majic 8 ball.csproj", "{7B1799D8-4488-471F-BC31-A8BA8CFC8CB1}"
EndProject
Global
	GlobalSection(SolutionConfigurationPlatforms) = preSolution
		Debug|Any CPU = Debug|Any CPU
		Release|Any CPU = Release|Any CPU
	EndGlobalSection
	GlobalSection(ProjectConfigurationPlatforms) = postSolution
		{7B1799D8-4488-471F-BC31-A8BA8CFC8CB1}.Debug|Any CPU.ActiveCfg = Debug|Any CPU
		{7B1799D8-4488-471F-BC31-A8BA8CFC8CB1}.Debug|Any CPU.Build.0 = Debug|Any CPU
		{7B1799D8-4488-471F-BC31-A8BA8CFC8CB1}.Release|Any CPU.ActiveCfg = Release|Any CPU
		{7B1799D8-4488-471F-BC31-A8BA8CFC8CB1}.Release|Any CPU.Build.0 = Release|Any CPU
	EndGlobalSection
	GlobalSection(SolutionProperties) = preSolution
		HideSolutionNode = FALSE
	EndGlobalSection
	GlobalSection(ExtensibilityGlobals) = postSolution
		SolutionGuid = {A95EB923-599A-4D12-9A83-B08C451879C5}
	EndGlobalSection
EndGlobal
